
Microsoft Visual Studio Solution File, Format Version 12.00
# Visual Studio Version 17
VisualStudioVersion = 17.0.31903.59
MinimumVisualStudioVersion = 10.0.40219.1
Project("{9A19103F-16F7-4668-BE54-9A1E7A4F7556}") = "Pet.Project.Configuration.Api", "Pet.Project.Configuration.Api\Pet.Project.Configuration.Api.csproj", "{8A9B4CA2-8290-461F-AAAF-930B207085F0}"
EndProject
Project("{9A19103F-16F7-4668-BE54-9A1E7A4F7556}") = "Pet.Project.Configuration.Domain", "Pet.Project.Configuration.Domain\Pet.Project.Configuration.Domain.csproj", "{D66E06D4-77A3-4A05-924F-A31EE9B2413A}"
EndProject
Project("{9A19103F-16F7-4668-BE54-9A1E7A4F7556}") = "Pet.Project.Configuration.Infraestructure", "Pet.Project.Configuration.Infraestructure\Pet.Project.Configuration.Infraestructure.csproj", "{593C35BD-64A7-4969-8436-3440D04F4AD3}"
EndProject
Project("{2150E333-8FDC-42A3-9474-1A3956D46DE8}") = "Tests", "Tests", "{C021CFAC-A82D-4D59-87F4-80309A9CE535}"
EndProject
Project("{9A19103F-16F7-4668-BE54-9A1E7A4F7556}") = "Pet.Project.Configuration.Api.UnitTests", "Pet.Project.Configuration.Api.UnitTests\Pet.Project.Configuration.Api.UnitTests.csproj", "{0CD46278-7DF3-4DF8-B7B4-2C175C4E77BB}"
EndProject
Project("{9A19103F-16F7-4668-BE54-9A1E7A4F7556}") = "Pet.Project.Configuration.Domain.UnitTests", "Pet.Project.Configuration.Domain.UnitTests\Pet.Project.Configuration.Domain.UnitTests.csproj", "{766A76C8-6ED7-4355-A963-5B056B9C572B}"
EndProject
Project("{9A19103F-16F7-4668-BE54-9A1E7A4F7556}") = "Pet.Project.Configuration.Infraestructure.UnitTests", "Pet.Project.Configuration.Infraestructure.UnitTests\Pet.Project.Configuration.Infraestructure.UnitTests.csproj", "{C8F2D21D-4A5C-4C7D-81B7-8E297245AF9F}"
EndProject
Project("{2150E333-8FDC-42A3-9474-1A3956D46DE8}") = "Solution Items", "Solution Items", "{EF425F06-313B-4806-A76F-704619825884}"
	ProjectSection(SolutionItems) = preProject
		.editorconfig = .editorconfig
	EndProjectSection
EndProject
Global
	GlobalSection(SolutionConfigurationPlatforms) = preSolution
		Debug|Any CPU = Debug|Any CPU
		Release|Any CPU = Release|Any CPU
	EndGlobalSection
	GlobalSection(ProjectConfigurationPlatforms) = postSolution
		{8A9B4CA2-8290-461F-AAAF-930B207085F0}.Debug|Any CPU.ActiveCfg = Debug|Any CPU
		{8A9B4CA2-8290-461F-AAAF-930B207085F0}.Debug|Any CPU.Build.0 = Debug|Any CPU
		{8A9B4CA2-8290-461F-AAAF-930B207085F0}.Release|Any CPU.ActiveCfg = Release|Any CPU
		{8A9B4CA2-8290-461F-AAAF-930B207085F0}.Release|Any CPU.Build.0 = Release|Any CPU
		{D66E06D4-77A3-4A05-924F-A31EE9B2413A}.Debug|Any CPU.ActiveCfg = Debug|Any CPU
		{D66E06D4-77A3-4A05-924F-A31EE9B2413A}.Debug|Any CPU.Build.0 = Debug|Any CPU
		{D66E06D4-77A3-4A05-924F-A31EE9B2413A}.Release|Any CPU.ActiveCfg = Release|Any CPU
		{D66E06D4-77A3-4A05-924F-A31EE9B2413A}.Release|Any CPU.Build.0 = Release|Any CPU
		{593C35BD-64A7-4969-8436-3440D04F4AD3}.Debug|Any CPU.ActiveCfg = Debug|Any CPU
		{593C35BD-64A7-4969-8436-3440D04F4AD3}.Debug|Any CPU.Build.0 = Debug|Any CPU
		{593C35BD-64A7-4969-8436-3440D04F4AD3}.Release|Any CPU.ActiveCfg = Release|Any CPU
		{593C35BD-64A7-4969-8436-3440D04F4AD3}.Release|Any CPU.Build.0 = Release|Any CPU
		{0CD46278-7DF3-4DF8-B7B4-2C175C4E77BB}.Debug|Any CPU.ActiveCfg = Debug|Any CPU
		{0CD46278-7DF3-4DF8-B7B4-2C175C4E77BB}.Debug|Any CPU.Build.0 = Debug|Any CPU
		{0CD46278-7DF3-4DF8-B7B4-2C175C4E77BB}.Release|Any CPU.ActiveCfg = Release|Any CPU
		{0CD46278-7DF3-4DF8-B7B4-2C175C4E77BB}.Release|Any CPU.Build.0 = Release|Any CPU
		{766A76C8-6ED7-4355-A963-5B056B9C572B}.Debug|Any CPU.ActiveCfg = Debug|Any CPU
		{766A76C8-6ED7-4355-A963-5B056B9C572B}.Debug|Any CPU.Build.0 = Debug|Any CPU
		{766A76C8-6ED7-4355-A963-5B056B9C572B}.Release|Any CPU.ActiveCfg = Release|Any CPU
		{766A76C8-6ED7-4355-A963-5B056B9C572B}.Release|Any CPU.Build.0 = Release|Any CPU
		{C8F2D21D-4A5C-4C7D-81B7-8E297245AF9F}.Debug|Any CPU.ActiveCfg = Debug|Any CPU
		{C8F2D21D-4A5C-4C7D-81B7-8E297245AF9F}.Debug|Any CPU.Build.0 = Debug|Any CPU
		{C8F2D21D-4A5C-4C7D-81B7-8E297245AF9F}.Release|Any CPU.ActiveCfg = Release|Any CPU
		{C8F2D21D-4A5C-4C7D-81B7-8E297245AF9F}.Release|Any CPU.Build.0 = Release|Any CPU
	EndGlobalSection
	GlobalSection(SolutionProperties) = preSolution
		HideSolutionNode = FALSE
	EndGlobalSection
	GlobalSection(NestedProjects) = preSolution
		{0CD46278-7DF3-4DF8-B7B4-2C175C4E77BB} = {C021CFAC-A82D-4D59-87F4-80309A9CE535}
		{766A76C8-6ED7-4355-A963-5B056B9C572B} = {C021CFAC-A82D-4D59-87F4-80309A9CE535}
		{C8F2D21D-4A5C-4C7D-81B7-8E297245AF9F} = {C021CFAC-A82D-4D59-87F4-80309A9CE535}
	EndGlobalSection
	GlobalSection(ExtensibilityGlobals) = postSolution
		SolutionGuid = {E727F68A-04A6-498E-A29D-033E1DD58885}
	EndGlobalSection
EndGlobal
